
Microsoft Visual Studio Solution File, Format Version 12.00
# Visual Studio Version 17
VisualStudioVersion = 17.5.33209.295
MinimumVisualStudioVersion = 10.0.40219.1
Project("{2150E333-8FDC-42A3-9474-1A3956D46DE8}") = "Src", "Src", "{9F1F0934-335D-4C85-B33D-CD6D2B6A874A}"
EndProject
Project("{2150E333-8FDC-42A3-9474-1A3956D46DE8}") = "Tests", "Tests", "{A8651528-3496-495B-88E8-5CF256F6A4D9}"
EndProject
Project("{FAE04EC0-301F-11D3-BF4B-00C04F79EFBC}") = "TariffComparison.Core.Domain", "TariffComparison.Core.Domain\TariffComparison.Core.Domain.csproj", "{1EA8D10D-2700-4103-8CDC-EA203BD2C5BC}"
EndProject
Project("{FAE04EC0-301F-11D3-BF4B-00C04F79EFBC}") = "TariffComparison.Core.Application", "TariffComparison.Core.Application\TariffComparison.Core.Application.csproj", "{38A39DB4-E98B-4FE3-8826-5640FB81899B}"
EndProject
Project("{FAE04EC0-301F-11D3-BF4B-00C04F79EFBC}") = "TariffComparison.Infrastructure.Persistence", "TariffComparison.Infrastructure.Persistence\TariffComparison.Infrastructure.Persistence.csproj", "{7D698081-A115-4300-980A-E353915F452B}"
EndProject
Project("{FAE04EC0-301F-11D3-BF4B-00C04F79EFBC}") = "TariffComparison.Web.Api", "TariffComparison.Web.Api\TariffComparison.Web.Api.csproj", "{B5C8092B-5C80-4704-9368-509E46B9B4BE}"
EndProject
Project("{FAE04EC0-301F-11D3-BF4B-00C04F79EFBC}") = "TariffComparison.Tests", "TariffComparison.Tests\TariffComparison.Tests.csproj", "{D13682DD-A768-4774-A9A2-526FC674B87A}"
EndProject
Global
	GlobalSection(SolutionConfigurationPlatforms) = preSolution
		Debug|Any CPU = Debug|Any CPU
		Release|Any CPU = Release|Any CPU
	EndGlobalSection
	GlobalSection(ProjectConfigurationPlatforms) = postSolution
		{1EA8D10D-2700-4103-8CDC-EA203BD2C5BC}.Debug|Any CPU.ActiveCfg = Debug|Any CPU
		{1EA8D10D-2700-4103-8CDC-EA203BD2C5BC}.Debug|Any CPU.Build.0 = Debug|Any CPU
		{1EA8D10D-2700-4103-8CDC-EA203BD2C5BC}.Release|Any CPU.ActiveCfg = Release|Any CPU
		{1EA8D10D-2700-4103-8CDC-EA203BD2C5BC}.Release|Any CPU.Build.0 = Release|Any CPU
		{38A39DB4-E98B-4FE3-8826-5640FB81899B}.Debug|Any CPU.ActiveCfg = Debug|Any CPU
		{38A39DB4-E98B-4FE3-8826-5640FB81899B}.Debug|Any CPU.Build.0 = Debug|Any CPU
		{38A39DB4-E98B-4FE3-8826-5640FB81899B}.Release|Any CPU.ActiveCfg = Release|Any CPU
		{38A39DB4-E98B-4FE3-8826-5640FB81899B}.Release|Any CPU.Build.0 = Release|Any CPU
		{7D698081-A115-4300-980A-E353915F452B}.Debug|Any CPU.ActiveCfg = Debug|Any CPU
		{7D698081-A115-4300-980A-E353915F452B}.Debug|Any CPU.Build.0 = Debug|Any CPU
		{7D698081-A115-4300-980A-E353915F452B}.Release|Any CPU.ActiveCfg = Release|Any CPU
		{7D698081-A115-4300-980A-E353915F452B}.Release|Any CPU.Build.0 = Release|Any CPU
		{B5C8092B-5C80-4704-9368-509E46B9B4BE}.Debug|Any CPU.ActiveCfg = Debug|Any CPU
		{B5C8092B-5C80-4704-9368-509E46B9B4BE}.Debug|Any CPU.Build.0 = Debug|Any CPU
		{B5C8092B-5C80-4704-9368-509E46B9B4BE}.Release|Any CPU.ActiveCfg = Release|Any CPU
		{B5C8092B-5C80-4704-9368-509E46B9B4BE}.Release|Any CPU.Build.0 = Release|Any CPU
		{D13682DD-A768-4774-A9A2-526FC674B87A}.Debug|Any CPU.ActiveCfg = Debug|Any CPU
		{D13682DD-A768-4774-A9A2-526FC674B87A}.Debug|Any CPU.Build.0 = Debug|Any CPU
		{D13682DD-A768-4774-A9A2-526FC674B87A}.Release|Any CPU.ActiveCfg = Release|Any CPU
		{D13682DD-A768-4774-A9A2-526FC674B87A}.Release|Any CPU.Build.0 = Release|Any CPU
	EndGlobalSection
	GlobalSection(SolutionProperties) = preSolution
		HideSolutionNode = FALSE
	EndGlobalSection
	GlobalSection(NestedProjects) = preSolution
		{1EA8D10D-2700-4103-8CDC-EA203BD2C5BC} = {9F1F0934-335D-4C85-B33D-CD6D2B6A874A}
		{38A39DB4-E98B-4FE3-8826-5640FB81899B} = {9F1F0934-335D-4C85-B33D-CD6D2B6A874A}
		{7D698081-A115-4300-980A-E353915F452B} = {9F1F0934-335D-4C85-B33D-CD6D2B6A874A}
		{B5C8092B-5C80-4704-9368-509E46B9B4BE} = {9F1F0934-335D-4C85-B33D-CD6D2B6A874A}
		{D13682DD-A768-4774-A9A2-526FC674B87A} = {A8651528-3496-495B-88E8-5CF256F6A4D9}
	EndGlobalSection
	GlobalSection(ExtensibilityGlobals) = postSolution
		SolutionGuid = {47A331C9-861F-492C-9B74-6009C4E89F17}
	EndGlobalSection
EndGlobal
